
Microsoft Visual Studio Solution File, Format Version 12.00
# Visual Studio Version 17
VisualStudioVersion = 17.4.33213.308
MinimumVisualStudioVersion = 10.0.40219.1
Project("{D2ABAB84-BF74-430A-B69E-9DC6D40DDA17}") = "Assignment_2_IT22888716", "Assignment_2_IT22888716\Assignment_2_IT22888716.dwproj", "{60DF890E-BEC6-4756-9A06-22C8AAAFBFA5}"
EndProject
Global
	GlobalSection(SolutionConfigurationPlatforms) = preSolution
		Development|Default = Development|Default
	EndGlobalSection
	GlobalSection(ProjectConfigurationPlatforms) = postSolution
		{60DF890E-BEC6-4756-9A06-22C8AAAFBFA5}.Development|Default.ActiveCfg = Development
		{60DF890E-BEC6-4756-9A06-22C8AAAFBFA5}.Development|Default.Build.0 = Development
		{60DF890E-BEC6-4756-9A06-22C8AAAFBFA5}.Development|Default.Deploy.0 = Development
	EndGlobalSection
	GlobalSection(SolutionProperties) = preSolution
		HideSolutionNode = FALSE
	EndGlobalSection
	GlobalSection(ExtensibilityGlobals) = postSolution
		SolutionGuid = {5D87356B-ABF2-466F-9D32-049BA68AFAF3}
	EndGlobalSection
EndGlobal
